
Microsoft Visual Studio Solution File, Format Version 12.00
# Visual Studio Version 17
VisualStudioVersion = 17.0.32002.185
MinimumVisualStudioVersion = 10.0.40219.1
Project("{8BC9CEB8-8B4A-11D0-8D11-00A0C91BC942}") = "CGALib", "CGALib\CGALib.vcxproj", "{172F046A-36B0-41D6-A3D8-5A9E12F214E6}"
EndProject
Project("{8BC9CEB8-8B4A-11D0-8D11-00A0C91BC942}") = "Proyecto", "Proyecto\Proyecto.vcxproj", "{E29A0E2C-2A46-499F-9AE3-BA71060C9BCE}"
EndProject
Global
	GlobalSection(SolutionConfigurationPlatforms) = preSolution
		Debug|x64 = Debug|x64
		Debug|x86 = Debug|x86
		Release|x64 = Release|x64
		Release|x86 = Release|x86
	EndGlobalSection
	GlobalSection(ProjectConfigurationPlatforms) = postSolution
		{172F046A-36B0-41D6-A3D8-5A9E12F214E6}.Debug|x64.ActiveCfg = Debug|x64
		{172F046A-36B0-41D6-A3D8-5A9E12F214E6}.Debug|x64.Build.0 = Debug|x64
		{172F046A-36B0-41D6-A3D8-5A9E12F214E6}.Debug|x86.ActiveCfg = Debug|Win32
		{172F046A-36B0-41D6-A3D8-5A9E12F214E6}.Debug|x86.Build.0 = Debug|Win32
		{172F046A-36B0-41D6-A3D8-5A9E12F214E6}.Release|x64.ActiveCfg = Release|x64
		{172F046A-36B0-41D6-A3D8-5A9E12F214E6}.Release|x64.Build.0 = Release|x64
		{172F046A-36B0-41D6-A3D8-5A9E12F214E6}.Release|x86.ActiveCfg = Release|Win32
		{172F046A-36B0-41D6-A3D8-5A9E12F214E6}.Release|x86.Build.0 = Release|Win32
		{E29A0E2C-2A46-499F-9AE3-BA71060C9BCE}.Debug|x64.ActiveCfg = Debug|x64
		{E29A0E2C-2A46-499F-9AE3-BA71060C9BCE}.Debug|x64.Build.0 = Debug|x64
		{E29A0E2C-2A46-499F-9AE3-BA71060C9BCE}.Debug|x86.ActiveCfg = Debug|Win32
		{E29A0E2C-2A46-499F-9AE3-BA71060C9BCE}.Debug|x86.Build.0 = Debug|Win32
		{E29A0E2C-2A46-499F-9AE3-BA71060C9BCE}.Release|x64.ActiveCfg = Release|x64
		{E29A0E2C-2A46-499F-9AE3-BA71060C9BCE}.Release|x64.Build.0 = Release|x64
		{E29A0E2C-2A46-499F-9AE3-BA71060C9BCE}.Release|x86.ActiveCfg = Release|Win32
		{E29A0E2C-2A46-499F-9AE3-BA71060C9BCE}.Release|x86.Build.0 = Release|Win32
	EndGlobalSection
	GlobalSection(SolutionProperties) = preSolution
		HideSolutionNode = FALSE
	EndGlobalSection
	GlobalSection(ExtensibilityGlobals) = postSolution
		SolutionGuid = {60FABA41-EAF3-4466-A88F-53E20E5AD6C0}
	EndGlobalSection
EndGlobal
